
Microsoft Visual Studio Solution File, Format Version 12.00
# Visual Studio Version 16
VisualStudioVersion = 16.0.31702.278
MinimumVisualStudioVersion = 10.0.40219.1
Project("{FAE04EC0-301F-11D3-BF4B-00C04F79EFBC}") = "BookLibraryPlotnikova", "BookLibraryPlotnikova.csproj", "{9A26067C-A8C8-4EC9-A523-30EE48FFA308}"
EndProject
Project("{FAE04EC0-301F-11D3-BF4B-00C04F79EFBC}") = "Domain", "..\Domain\Domain.csproj", "{443EB665-A1CE-4851-A534-59D32EE328B9}"
EndProject
Global
	GlobalSection(SolutionConfigurationPlatforms) = preSolution
		Debug|Any CPU = Debug|Any CPU
		Release|Any CPU = Release|Any CPU
	EndGlobalSection
	GlobalSection(ProjectConfigurationPlatforms) = postSolution
		{9A26067C-A8C8-4EC9-A523-30EE48FFA308}.Debug|Any CPU.ActiveCfg = Debug|Any CPU
		{9A26067C-A8C8-4EC9-A523-30EE48FFA308}.Debug|Any CPU.Build.0 = Debug|Any CPU
		{9A26067C-A8C8-4EC9-A523-30EE48FFA308}.Release|Any CPU.ActiveCfg = Release|Any CPU
		{9A26067C-A8C8-4EC9-A523-30EE48FFA308}.Release|Any CPU.Build.0 = Release|Any CPU
		{443EB665-A1CE-4851-A534-59D32EE328B9}.Debug|Any CPU.ActiveCfg = Debug|Any CPU
		{443EB665-A1CE-4851-A534-59D32EE328B9}.Debug|Any CPU.Build.0 = Debug|Any CPU
		{443EB665-A1CE-4851-A534-59D32EE328B9}.Release|Any CPU.ActiveCfg = Release|Any CPU
		{443EB665-A1CE-4851-A534-59D32EE328B9}.Release|Any CPU.Build.0 = Release|Any CPU
	EndGlobalSection
	GlobalSection(SolutionProperties) = preSolution
		HideSolutionNode = FALSE
	EndGlobalSection
	GlobalSection(ExtensibilityGlobals) = postSolution
		SolutionGuid = {365A5649-CA84-42AA-AAB8-685884081F0B}
	EndGlobalSection
EndGlobal
